
Microsoft Visual Studio Solution File, Format Version 12.00
# Visual Studio Version 17
VisualStudioVersion = 17.3.32804.467
MinimumVisualStudioVersion = 10.0.40219.1
Project("{FAE04EC0-301F-11D3-BF4B-00C04F79EFBC}") = "learn", "learn\learn.csproj", "{A9147AE5-572C-4506-AD4E-7E3F26C4BCCB}"
EndProject
Global
	GlobalSection(SolutionConfigurationPlatforms) = preSolution
		Debug|Any CPU = Debug|Any CPU
		Release|Any CPU = Release|Any CPU
	EndGlobalSection
	GlobalSection(ProjectConfigurationPlatforms) = postSolution
		{A9147AE5-572C-4506-AD4E-7E3F26C4BCCB}.Debug|Any CPU.ActiveCfg = Debug|Any CPU
		{A9147AE5-572C-4506-AD4E-7E3F26C4BCCB}.Debug|Any CPU.Build.0 = Debug|Any CPU
		{A9147AE5-572C-4506-AD4E-7E3F26C4BCCB}.Release|Any CPU.ActiveCfg = Release|Any CPU
		{A9147AE5-572C-4506-AD4E-7E3F26C4BCCB}.Release|Any CPU.Build.0 = Release|Any CPU
	EndGlobalSection
	GlobalSection(SolutionProperties) = preSolution
		HideSolutionNode = FALSE
	EndGlobalSection
	GlobalSection(ExtensibilityGlobals) = postSolution
		SolutionGuid = {37DBCF2E-881B-4F19-8E42-E39B227C85D6}
	EndGlobalSection
EndGlobal
